
Microsoft Visual Studio Solution File, Format Version 12.00
# Visual Studio Version 16
VisualStudioVersion = 16.0.30503.244
MinimumVisualStudioVersion = 10.0.40219.1
Project("{2150E333-8FDC-42A3-9474-1A3956D46DE8}") = "Services", "Services", "{61BBB5B3-8298-4E79-B237-8C588D8CE392}"
EndProject
Project("{2150E333-8FDC-42A3-9474-1A3956D46DE8}") = "WebApps", "WebApps", "{5EB76C33-7D8D-4A82-A193-5E54A0F1D205}"
EndProject
Project("{2150E333-8FDC-42A3-9474-1A3956D46DE8}") = "Cadastros", "Cadastros", "{03B53011-23FD-4368-BC82-F764340909B8}"
EndProject
Project("{2150E333-8FDC-42A3-9474-1A3956D46DE8}") = "Catalogos", "Catalogos", "{5C81EFE8-FB66-45E8-9AA0-62FC414DC901}"
EndProject
Project("{2150E333-8FDC-42A3-9474-1A3956D46DE8}") = "Core", "Core", "{64305879-0D26-4D6C-B974-8CCE996E7C17}"
EndProject
Project("{2150E333-8FDC-42A3-9474-1A3956D46DE8}") = "Fiscal", "Fiscal", "{87DA9154-D1D8-4E4F-84F0-6229953EB1C2}"
EndProject
Project("{2150E333-8FDC-42A3-9474-1A3956D46DE8}") = "Pagamentos", "Pagamentos", "{D91E1E80-4D56-4676-99EC-9594CAD3EC70}"
EndProject
Project("{2150E333-8FDC-42A3-9474-1A3956D46DE8}") = "Vendas", "Vendas", "{6F12131F-3ACB-4826-A696-1534ED0C4655}"
EndProject
Project("{9A19103F-16F7-4668-BE54-9A1E7A4F7556}") = "NerdStore.Catalogo.Domain", "src\NerdStore.Catalogo.Domain\NerdStore.Catalogo.Domain.csproj", "{D3467A9B-E3DF-4644-9BFA-37CD84737890}"
EndProject
Project("{9A19103F-16F7-4668-BE54-9A1E7A4F7556}") = "NerdStore.Core", "src\NerdStore.Core\NerdStore.Core.csproj", "{35546A00-016E-4696-B506-B1B4694B3070}"
EndProject
Project("{2150E333-8FDC-42A3-9474-1A3956D46DE8}") = "Tests", "Tests", "{B8F7198C-B6B6-4F68-91E3-769EDE6D9EF1}"
EndProject
Project("{9A19103F-16F7-4668-BE54-9A1E7A4F7556}") = "NerdStore.Catalogo.Domain.Tests", "tests\NerdStore.Catalogo.Domain.Tests\NerdStore.Catalogo.Domain.Tests.csproj", "{89FAA6F2-83EF-446C-8D27-9E7B8038B8F4}"
EndProject
Project("{9A19103F-16F7-4668-BE54-9A1E7A4F7556}") = "NerdStore.Catalogo.Data", "src\NerdStore.Catalogo.Data\NerdStore.Catalogo.Data.csproj", "{0F422D4A-5644-4D89-810F-A8A4456400AC}"
EndProject
Project("{9A19103F-16F7-4668-BE54-9A1E7A4F7556}") = "NerdStore.Catalogo.Application", "src\NerdStore.Catalogo.Application\NerdStore.Catalogo.Application.csproj", "{CB2E416B-A474-49C4-ADF0-29C637492EFD}"
EndProject
Project("{FAE04EC0-301F-11D3-BF4B-00C04F79EFBC}") = "NerdStore.WebApp.MVC", "src\NerdStore.WebApp.MVC\NerdStore.WebApp.MVC.csproj", "{9B07EEF0-987E-4832-B854-C36E56AECC4F}"
EndProject
Global
	GlobalSection(SolutionConfigurationPlatforms) = preSolution
		Debug|Any CPU = Debug|Any CPU
		Release|Any CPU = Release|Any CPU
	EndGlobalSection
	GlobalSection(ProjectConfigurationPlatforms) = postSolution
		{D3467A9B-E3DF-4644-9BFA-37CD84737890}.Debug|Any CPU.ActiveCfg = Debug|Any CPU
		{D3467A9B-E3DF-4644-9BFA-37CD84737890}.Debug|Any CPU.Build.0 = Debug|Any CPU
		{D3467A9B-E3DF-4644-9BFA-37CD84737890}.Release|Any CPU.ActiveCfg = Release|Any CPU
		{D3467A9B-E3DF-4644-9BFA-37CD84737890}.Release|Any CPU.Build.0 = Release|Any CPU
		{35546A00-016E-4696-B506-B1B4694B3070}.Debug|Any CPU.ActiveCfg = Debug|Any CPU
		{35546A00-016E-4696-B506-B1B4694B3070}.Debug|Any CPU.Build.0 = Debug|Any CPU
		{35546A00-016E-4696-B506-B1B4694B3070}.Release|Any CPU.ActiveCfg = Release|Any CPU
		{35546A00-016E-4696-B506-B1B4694B3070}.Release|Any CPU.Build.0 = Release|Any CPU
		{89FAA6F2-83EF-446C-8D27-9E7B8038B8F4}.Debug|Any CPU.ActiveCfg = Debug|Any CPU
		{89FAA6F2-83EF-446C-8D27-9E7B8038B8F4}.Debug|Any CPU.Build.0 = Debug|Any CPU
		{89FAA6F2-83EF-446C-8D27-9E7B8038B8F4}.Release|Any CPU.ActiveCfg = Release|Any CPU
		{89FAA6F2-83EF-446C-8D27-9E7B8038B8F4}.Release|Any CPU.Build.0 = Release|Any CPU
		{0F422D4A-5644-4D89-810F-A8A4456400AC}.Debug|Any CPU.ActiveCfg = Debug|Any CPU
		{0F422D4A-5644-4D89-810F-A8A4456400AC}.Debug|Any CPU.Build.0 = Debug|Any CPU
		{0F422D4A-5644-4D89-810F-A8A4456400AC}.Release|Any CPU.ActiveCfg = Release|Any CPU
		{0F422D4A-5644-4D89-810F-A8A4456400AC}.Release|Any CPU.Build.0 = Release|Any CPU
		{CB2E416B-A474-49C4-ADF0-29C637492EFD}.Debug|Any CPU.ActiveCfg = Debug|Any CPU
		{CB2E416B-A474-49C4-ADF0-29C637492EFD}.Debug|Any CPU.Build.0 = Debug|Any CPU
		{CB2E416B-A474-49C4-ADF0-29C637492EFD}.Release|Any CPU.ActiveCfg = Release|Any CPU
		{CB2E416B-A474-49C4-ADF0-29C637492EFD}.Release|Any CPU.Build.0 = Release|Any CPU
		{9B07EEF0-987E-4832-B854-C36E56AECC4F}.Debug|Any CPU.ActiveCfg = Debug|Any CPU
		{9B07EEF0-987E-4832-B854-C36E56AECC4F}.Debug|Any CPU.Build.0 = Debug|Any CPU
		{9B07EEF0-987E-4832-B854-C36E56AECC4F}.Release|Any CPU.ActiveCfg = Release|Any CPU
		{9B07EEF0-987E-4832-B854-C36E56AECC4F}.Release|Any CPU.Build.0 = Release|Any CPU
	EndGlobalSection
	GlobalSection(SolutionProperties) = preSolution
		HideSolutionNode = FALSE
	EndGlobalSection
	GlobalSection(NestedProjects) = preSolution
		{03B53011-23FD-4368-BC82-F764340909B8} = {61BBB5B3-8298-4E79-B237-8C588D8CE392}
		{5C81EFE8-FB66-45E8-9AA0-62FC414DC901} = {61BBB5B3-8298-4E79-B237-8C588D8CE392}
		{64305879-0D26-4D6C-B974-8CCE996E7C17} = {61BBB5B3-8298-4E79-B237-8C588D8CE392}
		{87DA9154-D1D8-4E4F-84F0-6229953EB1C2} = {61BBB5B3-8298-4E79-B237-8C588D8CE392}
		{D91E1E80-4D56-4676-99EC-9594CAD3EC70} = {61BBB5B3-8298-4E79-B237-8C588D8CE392}
		{6F12131F-3ACB-4826-A696-1534ED0C4655} = {61BBB5B3-8298-4E79-B237-8C588D8CE392}
		{D3467A9B-E3DF-4644-9BFA-37CD84737890} = {5C81EFE8-FB66-45E8-9AA0-62FC414DC901}
		{35546A00-016E-4696-B506-B1B4694B3070} = {64305879-0D26-4D6C-B974-8CCE996E7C17}
		{B8F7198C-B6B6-4F68-91E3-769EDE6D9EF1} = {5C81EFE8-FB66-45E8-9AA0-62FC414DC901}
		{89FAA6F2-83EF-446C-8D27-9E7B8038B8F4} = {B8F7198C-B6B6-4F68-91E3-769EDE6D9EF1}
		{0F422D4A-5644-4D89-810F-A8A4456400AC} = {5C81EFE8-FB66-45E8-9AA0-62FC414DC901}
		{CB2E416B-A474-49C4-ADF0-29C637492EFD} = {5C81EFE8-FB66-45E8-9AA0-62FC414DC901}
		{9B07EEF0-987E-4832-B854-C36E56AECC4F} = {5EB76C33-7D8D-4A82-A193-5E54A0F1D205}
	EndGlobalSection
	GlobalSection(ExtensibilityGlobals) = postSolution
		SolutionGuid = {14C8967F-A35F-4706-AF56-FACFD0F2BDCA}
	EndGlobalSection
EndGlobal
