
Microsoft Visual Studio Solution File, Format Version 12.00
# Visual Studio Version 16
VisualStudioVersion = 16.0.30503.244
MinimumVisualStudioVersion = 10.0.40219.1
Project("{2150E333-8FDC-42A3-9474-1A3956D46DE8}") = "Services", "Services", "{61BBB5B3-8298-4E79-B237-8C588D8CE392}"
EndProject
Project("{2150E333-8FDC-42A3-9474-1A3956D46DE8}") = "WebApps", "WebApps", "{5EB76C33-7D8D-4A82-A193-5E54A0F1D205}"
EndProject
Project("{2150E333-8FDC-42A3-9474-1A3956D46DE8}") = "Cadastros", "Cadastros", "{03B53011-23FD-4368-BC82-F764340909B8}"
EndProject
Project("{2150E333-8FDC-42A3-9474-1A3956D46DE8}") = "Catalogos", "Catalogos", "{5C81EFE8-FB66-45E8-9AA0-62FC414DC901}"
EndProject
Project("{2150E333-8FDC-42A3-9474-1A3956D46DE8}") = "Core", "Core", "{64305879-0D26-4D6C-B974-8CCE996E7C17}"
EndProject
Project("{2150E333-8FDC-42A3-9474-1A3956D46DE8}") = "Fiscal", "Fiscal", "{87DA9154-D1D8-4E4F-84F0-6229953EB1C2}"
EndProject
Project("{2150E333-8FDC-42A3-9474-1A3956D46DE8}") = "Pagamentos", "Pagamentos", "{D91E1E80-4D56-4676-99EC-9594CAD3EC70}"
EndProject
Project("{2150E333-8FDC-42A3-9474-1A3956D46DE8}") = "Vendas", "Vendas", "{6F12131F-3ACB-4826-A696-1534ED0C4655}"
EndProject
Global
	GlobalSection(SolutionProperties) = preSolution
		HideSolutionNode = FALSE
	EndGlobalSection
	GlobalSection(NestedProjects) = preSolution
		{03B53011-23FD-4368-BC82-F764340909B8} = {61BBB5B3-8298-4E79-B237-8C588D8CE392}
		{5C81EFE8-FB66-45E8-9AA0-62FC414DC901} = {61BBB5B3-8298-4E79-B237-8C588D8CE392}
		{64305879-0D26-4D6C-B974-8CCE996E7C17} = {61BBB5B3-8298-4E79-B237-8C588D8CE392}
		{87DA9154-D1D8-4E4F-84F0-6229953EB1C2} = {61BBB5B3-8298-4E79-B237-8C588D8CE392}
		{D91E1E80-4D56-4676-99EC-9594CAD3EC70} = {61BBB5B3-8298-4E79-B237-8C588D8CE392}
		{6F12131F-3ACB-4826-A696-1534ED0C4655} = {61BBB5B3-8298-4E79-B237-8C588D8CE392}
	EndGlobalSection
	GlobalSection(ExtensibilityGlobals) = postSolution
		SolutionGuid = {14C8967F-A35F-4706-AF56-FACFD0F2BDCA}
	EndGlobalSection
EndGlobal
